// !$*UTF8*$!
{
	archiveVersion = 1;
	classes = {
	};
	objectVersion = 50;
	objects = {

/* Begin PBXBuildFile section */
		F815D3FD21A9018B0014DDCA /* AppDelegate.swift in Sources */ = {isa = PBXBuildFile; fileRef = F815D3FC21A9018B0014DDCA /* AppDelegate.swift */; };
		F815D3FF21A9018B0014DDCA /* ViewController.swift in Sources */ = {isa = PBXBuildFile; fileRef = F815D3FE21A9018B0014DDCA /* ViewController.swift */; };
		F815D40221A9018B0014DDCA /* Main.storyboard in Resources */ = {isa = PBXBuildFile; fileRef = F815D40021A9018B0014DDCA /* Main.storyboard */; };
		F815D40421A9018D0014DDCA /* Assets.xcassets in Resources */ = {isa = PBXBuildFile; fileRef = F815D40321A9018D0014DDCA /* Assets.xcassets */; };
		F815D40721A9018D0014DDCA /* LaunchScreen.storyboard in Resources */ = {isa = PBXBuildFile; fileRef = F815D40521A9018D0014DDCA /* LaunchScreen.storyboard */; };
		F815D41221A9018D0014DDCA /* MusicPlayerTests.swift in Sources */ = {isa = PBXBuildFile; fileRef = F815D41121A9018D0014DDCA /* MusicPlayerTests.swift */; };
		F815D41D21A9018D0014DDCA /* MusicPlayerUITests.swift in Sources */ = {isa = PBXBuildFile; fileRef = F815D41C21A9018D0014DDCA /* MusicPlayerUITests.swift */; };
/* End PBXBuildFile section */

/* Begin PBXContainerItemProxy section */
		F815D40E21A9018D0014DDCA /* PBXContainerItemProxy */ = {
			isa = PBXContainerItemProxy;
			containerPortal = F815D3F121A9018B0014DDCA /* Project object */;
			proxyType = 1;
			remoteGlobalIDString = F815D3F821A9018B0014DDCA;
			remoteInfo = MusicPlayer;
		};
		F815D41921A9018D0014DDCA /* PBXContainerItemProxy */ = {
			isa = PBXContainerItemProxy;
			containerPortal = F815D3F121A9018B0014DDCA /* Project object */;
			proxyType = 1;
			remoteGlobalIDString = F815D3F821A9018B0014DDCA;
			remoteInfo = MusicPlayer;
		};
/* End PBXContainerItemProxy section */

/* Begin PBXFileReference section */
		F815D3F921A9018B0014DDCA /* MusicPlayer.app */ = {isa = PBXFileReference; explicitFileType = wrapper.application; includeInIndex = 0; path = MusicPlayer.app; sourceTree = BUILT_PRODUCTS_DIR; };
		F815D3FC21A9018B0014DDCA /* AppDelegate.swift */ = {isa = PBXFileReference; lastKnownFileType = sourcecode.swift; path = AppDelegate.swift; sourceTree = "<group>"; };
		F815D3FE21A9018B0014DDCA /* ViewController.swift */ = {isa = PBXFileReference; lastKnownFileType = sourcecode.swift; path = ViewController.swift; sourceTree = "<group>"; };
		F815D40121A9018B0014DDCA /* Base */ = {isa = PBXFileReference; lastKnownFileType = file.storyboard; name = Base; path = Base.lproj/Main.storyboard; sourceTree = "<group>"; };
		F815D40321A9018D0014DDCA /* Assets.xcassets */ = {isa = PBXFileReference; lastKnownFileType = folder.assetcatalog; path = Assets.xcassets; sourceTree = "<group>"; };
		F815D40621A9018D0014DDCA /* Base */ = {isa = PBXFileReference; lastKnownFileType = file.storyboard; name = Base; path = Base.lproj/LaunchScreen.storyboard; sourceTree = "<group>"; };
		F815D40821A9018D0014DDCA /* Info.plist */ = {isa = PBXFileReference; lastKnownFileType = text.plist.xml; path = Info.plist; sourceTree = "<group>"; };
		F815D40D21A9018D0014DDCA /* MusicPlayerTests.xctest */ = {isa = PBXFileReference; explicitFileType = wrapper.cfbundle; includeInIndex = 0; path = MusicPlayerTests.xctest; sourceTree = BUILT_PRODUCTS_DIR; };
		F815D41121A9018D0014DDCA /* MusicPlayerTests.swift */ = {isa = PBXFileReference; lastKnownFileType = sourcecode.swift; path = MusicPlayerTests.swift; sourceTree = "<group>"; };
		F815D41321A9018D0014DDCA /* Info.plist */ = {isa = PBXFileReference; lastKnownFileType = text.plist.xml; path = Info.plist; sourceTree = "<group>"; };
		F815D41821A9018D0014DDCA /* MusicPlayerUITests.xctest */ = {isa = PBXFileReference; explicitFileType = wrapper.cfbundle; includeInIndex = 0; path = MusicPlayerUITests.xctest; sourceTree = BUILT_PRODUCTS_DIR; };
		F815D41C21A9018D0014DDCA /* MusicPlayerUITests.swift */ = {isa = PBXFileReference; lastKnownFileType = sourcecode.swift; path = MusicPlayerUITests.swift; sourceTree = "<group>"; };
		F815D41E21A9018D0014DDCA /* Info.plist */ = {isa = PBXFileReference; lastKnownFileType = text.plist.xml; path = Info.plist; sourceTree = "<group>"; };
/* End PBXFileReference section */

/* Begin PBXFrameworksBuildPhase section */
		F815D3F621A9018B0014DDCA /* Frameworks */ = {
			isa = PBXFrameworksBuildPhase;
			buildActionMask = 2147483647;
			files = (
			);
			runOnlyForDeploymentPostprocessing = 0;
		};
		F815D40A21A9018D0014DDCA /* Frameworks */ = {
			isa = PBXFrameworksBuildPhase;
			buildActionMask = 2147483647;
			files = (
			);
			runOnlyForDeploymentPostprocessing = 0;
		};
		F815D41521A9018D0014DDCA /* Frameworks */ = {
			isa = PBXFrameworksBuildPhase;
			buildActionMask = 2147483647;
			files = (
			);
			runOnlyForDeploymentPostprocessing = 0;
		};
/* End PBXFrameworksBuildPhase section */

/* Begin PBXGroup section */
		F815D3F021A9018B0014DDCA = {
			isa = PBXGroup;
			children = (
				F815D3FB21A9018B0014DDCA /* MusicPlayer */,
				F815D41021A9018D0014DDCA /* MusicPlayerTests */,
				F815D41B21A9018D0014DDCA /* MusicPlayerUITests */,
				F815D3FA21A9018B0014DDCA /* Products */,
			);
			sourceTree = "<group>";
		};
		F815D3FA21A9018B0014DDCA /* Products */ = {
			isa = PBXGroup;
			children = (
				F815D3F921A9018B0014DDCA /* MusicPlayer.app */,
				F815D40D21A9018D0014DDCA /* MusicPlayerTests.xctest */,
				F815D41821A9018D0014DDCA /* MusicPlayerUITests.xctest */,
			);
			name = Products;
			sourceTree = "<group>";
		};
		F815D3FB21A9018B0014DDCA /* MusicPlayer */ = {
			isa = PBXGroup;
			children = (
				F815D3FC21A9018B0014DDCA /* AppDelegate.swift */,
				F815D3FE21A9018B0014DDCA /* ViewController.swift */,
				F815D40021A9018B0014DDCA /* Main.storyboard */,
				F815D40321A9018D0014DDCA /* Assets.xcassets */,
				F815D40521A9018D0014DDCA /* LaunchScreen.storyboard */,
				F815D40821A9018D0014DDCA /* Info.plist */,
			);
			path = MusicPlayer;
			sourceTree = "<group>";
		};
		F815D41021A9018D0014DDCA /* MusicPlayerTests */ = {
			isa = PBXGroup;
			children = (
				F815D41121A9018D0014DDCA /* MusicPlayerTests.swift */,
				F815D41321A9018D0014DDCA /* Info.plist */,
			);
			path = MusicPlayerTests;
			sourceTree = "<group>";
		};
		F815D41B21A9018D0014DDCA /* MusicPlayerUITests */ = {
			isa = PBXGroup;
			children = (
				F815D41C21A9018D0014DDCA /* MusicPlayerUITests.swift */,
				F815D41E21A9018D0014DDCA /* Info.plist */,
			);
			path = MusicPlayerUITests;
			sourceTree = "<group>";
		};
/* End PBXGroup section */

/* Begin PBXNativeTarget section */
		F815D3F821A9018B0014DDCA /* MusicPlayer */ = {
			isa = PBXNativeTarget;
			buildConfigurationList = F815D42121A9018D0014DDCA /* Build configuration list for PBXNativeTarget "MusicPlayer" */;
			buildPhases = (
				F815D3F521A9018B0014DDCA /* Sources */,
				F815D3F621A9018B0014DDCA /* Frameworks */,
				F815D3F721A9018B0014DDCA /* Resources */,
			);
			buildRules = (
			);
			dependencies = (
			);
			name = MusicPlayer;
			productName = MusicPlayer;
			productReference = F815D3F921A9018B0014DDCA /* MusicPlayer.app */;
			productType = "com.apple.product-type.application";
		};
		F815D40C21A9018D0014DDCA /* MusicPlayerTests */ = {
			isa = PBXNativeTarget;
			buildConfigurationList = F815D42421A9018D0014DDCA /* Build configuration list for PBXNativeTarget "MusicPlayerTests" */;
			buildPhases = (
				F815D40921A9018D0014DDCA /* Sources */,
				F815D40A21A9018D0014DDCA /* Frameworks */,
				F815D40B21A9018D0014DDCA /* Resources */,
			);
			buildRules = (
			);
			dependencies = (
				F815D40F21A9018D0014DDCA /* PBXTargetDependency */,
			);
			name = MusicPlayerTests;
			productName = MusicPlayerTests;
			productReference = F815D40D21A9018D0014DDCA /* MusicPlayerTests.xctest */;
			productType = "com.apple.product-type.bundle.unit-test";
		};
		F815D41721A9018D0014DDCA /* MusicPlayerUITests */ = {
			isa = PBXNativeTarget;
			buildConfigurationList = F815D42721A9018D0014DDCA /* Build configuration list for PBXNativeTarget "MusicPlayerUITests" */;
			buildPhases = (
				F815D41421A9018D0014DDCA /* Sources */,
				F815D41521A9018D0014DDCA /* Frameworks */,
				F815D41621A9018D0014DDCA /* Resources */,
			);
			buildRules = (
			);
			dependencies = (
				F815D41A21A9018D0014DDCA /* PBXTargetDependency */,
			);
			name = MusicPlayerUITests;
			productName = MusicPlayerUITests;
			productReference = F815D41821A9018D0014DDCA /* MusicPlayerUITests.xctest */;
			productType = "com.apple.product-type.bundle.ui-testing";
		};
/* End PBXNativeTarget section */

/* Begin PBXProject section */
		F815D3F121A9018B0014DDCA /* Project object */ = {
			isa = PBXProject;
			attributes = {
				LastSwiftUpdateCheck = 1010;
				LastUpgradeCheck = 1010;
				ORGANIZATIONNAME = bony;
				TargetAttributes = {
					F815D3F821A9018B0014DDCA = {
						CreatedOnToolsVersion = 10.1;
					};
					F815D40C21A9018D0014DDCA = {
						CreatedOnToolsVersion = 10.1;
						TestTargetID = F815D3F821A9018B0014DDCA;
					};
					F815D41721A9018D0014DDCA = {
						CreatedOnToolsVersion = 10.1;
						TestTargetID = F815D3F821A9018B0014DDCA;
					};
				};
			};
			buildConfigurationList = F815D3F421A9018B0014DDCA /* Build configuration list for PBXProject "MusicPlayer" */;
			compatibilityVersion = "Xcode 9.3";
			developmentRegion = en;
			hasScannedForEncodings = 0;
			knownRegions = (
				en,
				Base,
			);
			mainGroup = F815D3F021A9018B0014DDCA;
			productRefGroup = F815D3FA21A9018B0014DDCA /* Products */;
			projectDirPath = "";
			projectRoot = "";
			targets = (
				F815D3F821A9018B0014DDCA /* MusicPlayer */,
				F815D40C21A9018D0014DDCA /* MusicPlayerTests */,
				F815D41721A9018D0014DDCA /* MusicPlayerUITests */,
			);
		};
/* End PBXProject section */

/* Begin PBXResourcesBuildPhase section */
		F815D3F721A9018B0014DDCA /* Resources */ = {
			isa = PBXResourcesBuildPhase;
			buildActionMask = 2147483647;
			files = (
				F815D40721A9018D0014DDCA /* LaunchScreen.storyboard in Resources */,
				F815D40421A9018D0014DDCA /* Assets.xcassets in Resources */,
				F815D40221A9018B0014DDCA /* Main.storyboard in Resources */,
			);
			runOnlyForDeploymentPostprocessing = 0;
		};
		F815D40B21A9018D0014DDCA /* Resources */ = {
			isa = PBXResourcesBuildPhase;
			buildActionMask = 2147483647;
			files = (
			);
			runOnlyForDeploymentPostprocessing = 0;
		};
		F815D41621A9018D0014DDCA /* Resources */ = {
			isa = PBXResourcesBuildPhase;
			buildActionMask = 2147483647;
			files = (
			);
			runOnlyForDeploymentPostprocessing = 0;
		};
/* End PBXResourcesBuildPhase section */

/* Begin PBXSourcesBuildPhase section */
		F815D3F521A9018B0014DDCA /* Sources */ = {
			isa = PBXSourcesBuildPhase;
			buildActionMask = 2147483647;
			files = (
				F815D3FF21A9018B0014DDCA /* ViewController.swift in Sources */,
				F815D3FD21A9018B0014DDCA /* AppDelegate.swift in Sources */,
			);
			runOnlyForDeploymentPostprocessing = 0;
		};
		F815D40921A9018D0014DDCA /* Sources */ = {
			isa = PBXSourcesBuildPhase;
			buildActionMask = 2147483647;
			files = (
				F815D41221A9018D0014DDCA /* MusicPlayerTests.swift in Sources */,
			);
			runOnlyForDeploymentPostprocessing = 0;
		};
		F815D41421A9018D0014DDCA /* Sources */ = {
			isa = PBXSourcesBuildPhase;
			buildActionMask = 2147483647;
			files = (
				F815D41D21A9018D0014DDCA /* MusicPlayerUITests.swift in Sources */,
			);
			runOnlyForDeploymentPostprocessing = 0;
		};
/* End PBXSourcesBuildPhase section */

/* Begin PBXTargetDependency section */
		F815D40F21A9018D0014DDCA /* PBXTargetDependency */ = {
			isa = PBXTargetDependency;
			target = F815D3F821A9018B0014DDCA /* MusicPlayer */;
			targetProxy = F815D40E21A9018D0014DDCA /* PBXContainerItemProxy */;
		};
		F815D41A21A9018D0014DDCA /* PBXTargetDependency */ = {
			isa = PBXTargetDependency;
			target = F815D3F821A9018B0014DDCA /* MusicPlayer */;
			targetProxy = F815D41921A9018D0014DDCA /* PBXContainerItemProxy */;
		};
/* End PBXTargetDependency section */

/* Begin PBXVariantGroup section */
		F815D40021A9018B0014DDCA /* Main.storyboard */ = {
			isa = PBXVariantGroup;
			children = (
				F815D40121A9018B0014DDCA /* Base */,
			);
			name = Main.storyboard;
			sourceTree = "<group>";
		};
		F815D40521A9018D0014DDCA /* LaunchScreen.storyboard */ = {
			isa = PBXVariantGroup;
			children = (
				F815D40621A9018D0014DDCA /* Base */,
			);
			name = LaunchScreen.storyboard;
			sourceTree = "<group>";
		};
/* End PBXVariantGroup section */

/* Begin XCBuildConfiguration section */
		F815D41F21A9018D0014DDCA /* Debug */ = {
			isa = XCBuildConfiguration;
			buildSettings = {
				ALWAYS_SEARCH_USER_PATHS = NO;
				CLANG_ANALYZER_NONNULL = YES;
				CLANG_ANALYZER_NUMBER_OBJECT_CONVERSION = YES_AGGRESSIVE;
				CLANG_CXX_LANGUAGE_STANDARD = "gnu++14";
				CLANG_CXX_LIBRARY = "libc++";
				CLANG_ENABLE_MODULES = YES;
				CLANG_ENABLE_OBJC_ARC = YES;
				CLANG_ENABLE_OBJC_WEAK = YES;
				CLANG_WARN_BLOCK_CAPTURE_AUTORELEASING = YES;
				CLANG_WARN_BOOL_CONVERSION = YES;
				CLANG_WARN_COMMA = YES;
				CLANG_WARN_CONSTANT_CONVERSION = YES;
				CLANG_WARN_DEPRECATED_OBJC_IMPLEMENTATIONS = YES;
				CLANG_WARN_DIRECT_OBJC_ISA_USAGE = YES_ERROR;
				CLANG_WARN_DOCUMENTATION_COMMENTS = YES;
				CLANG_WARN_EMPTY_BODY = YES;
				CLANG_WARN_ENUM_CONVERSION = YES;
				CLANG_WARN_INFINITE_RECURSION = YES;
				CLANG_WARN_INT_CONVERSION = YES;
				CLANG_WARN_NON_LITERAL_NULL_CONVERSION = YES;
				CLANG_WARN_OBJC_IMPLICIT_RETAIN_SELF = YES;
				CLANG_WARN_OBJC_LITERAL_CONVERSION = YES;
				CLANG_WARN_OBJC_ROOT_CLASS = YES_ERROR;
				CLANG_WARN_RANGE_LOOP_ANALYSIS = YES;
				CLANG_WARN_STRICT_PROTOTYPES = YES;
				CLANG_WARN_SUSPICIOUS_MOVE = YES;
				CLANG_WARN_UNGUARDED_AVAILABILITY = YES_AGGRESSIVE;
				CLANG_WARN_UNREACHABLE_CODE = YES;
				CLANG_WARN__DUPLICATE_METHOD_MATCH = YES;
				CODE_SIGN_IDENTITY = "iPhone Developer";
				COPY_PHASE_STRIP = NO;
				DEBUG_INFORMATION_FORMAT = dwarf;
				ENABLE_STRICT_OBJC_MSGSEND = YES;
				ENABLE_TESTABILITY = YES;
				GCC_C_LANGUAGE_STANDARD = gnu11;
				GCC_DYNAMIC_NO_PIC = NO;
				GCC_NO_COMMON_BLOCKS = YES;
				GCC_OPTIMIZATION_LEVEL = 0;
				GCC_PREPROCESSOR_DEFINITIONS = (
					"DEBUG=1",
					"$(inherited)",
				);
				GCC_WARN_64_TO_32_BIT_CONVERSION = YES;
				GCC_WARN_ABOUT_RETURN_TYPE = YES_ERROR;
				GCC_WARN_UNDECLARED_SELECTOR = YES;
				GCC_WARN_UNINITIALIZED_AUTOS = YES_AGGRESSIVE;
				GCC_WARN_UNUSED_FUNCTION = YES;
				GCC_WARN_UNUSED_VARIABLE = YES;
				IPHONEOS_DEPLOYMENT_TARGET = 12.1;
				MTL_ENABLE_DEBUG_INFO = INCLUDE_SOURCE;
				MTL_FAST_MATH = YES;
				ONLY_ACTIVE_ARCH = YES;
				SDKROOT = iphoneos;
				SWIFT_ACTIVE_COMPILATION_CONDITIONS = DEBUG;
				SWIFT_OPTIMIZATION_LEVEL = "-Onone";
			};
			name = Debug;
		};
		F815D42021A9018D0014DDCA /* Release */ = {
			isa = XCBuildConfiguration;
			buildSettings = {
				ALWAYS_SEARCH_USER_PATHS = NO;
				CLANG_ANALYZER_NONNULL = YES;
				CLANG_ANALYZER_NUMBER_OBJECT_CONVERSION = YES_AGGRESSIVE;
				CLANG_CXX_LANGUAGE_STANDARD = "gnu++14";
				CLANG_CXX_LIBRARY = "libc++";
				CLANG_ENABLE_MODULES = YES;
				CLANG_ENABLE_OBJC_ARC = YES;
				CLANG_ENABLE_OBJC_WEAK = YES;
				CLANG_WARN_BLOCK_CAPTURE_AUTORELEASING = YES;
				CLANG_WARN_BOOL_CONVERSION = YES;
				CLANG_WARN_COMMA = YES;
				CLANG_WARN_CONSTANT_CONVERSION = YES;
				CLANG_WARN_DEPRECATED_OBJC_IMPLEMENTATIONS = YES;
				CLANG_WARN_DIRECT_OBJC_ISA_USAGE = YES_ERROR;
				CLANG_WARN_DOCUMENTATION_COMMENTS = YES;
				CLANG_WARN_EMPTY_BODY = YES;
				CLANG_WARN_ENUM_CONVERSION = YES;
				CLANG_WARN_INFINITE_RECURSION = YES;
				CLANG_WARN_INT_CONVERSION = YES;
				CLANG_WARN_NON_LITERAL_NULL_CONVERSION = YES;
				CLANG_WARN_OBJC_IMPLICIT_RETAIN_SELF = YES;
				CLANG_WARN_OBJC_LITERAL_CONVERSION = YES;
				CLANG_WARN_OBJC_ROOT_CLASS = YES_ERROR;
				CLANG_WARN_RANGE_LOOP_ANALYSIS = YES;
				CLANG_WARN_STRICT_PROTOTYPES = YES;
				CLANG_WARN_SUSPICIOUS_MOVE = YES;
				CLANG_WARN_UNGUARDED_AVAILABILITY = YES_AGGRESSIVE;
				CLANG_WARN_UNREACHABLE_CODE = YES;
				CLANG_WARN__DUPLICATE_METHOD_MATCH = YES;
				CODE_SIGN_IDENTITY = "iPhone Developer";
				COPY_PHASE_STRIP = NO;
				DEBUG_INFORMATION_FORMAT = "dwarf-with-dsym";
				ENABLE_NS_ASSERTIONS = NO;
				ENABLE_STRICT_OBJC_MSGSEND = YES;
				GCC_C_LANGUAGE_STANDARD = gnu11;
				GCC_NO_COMMON_BLOCKS = YES;
				GCC_WARN_64_TO_32_BIT_CONVERSION = YES;
				GCC_WARN_ABOUT_RETURN_TYPE = YES_ERROR;
				GCC_WARN_UNDECLARED_SELECTOR = YES;
				GCC_WARN_UNINITIALIZED_AUTOS = YES_AGGRESSIVE;
				GCC_WARN_UNUSED_FUNCTION = YES;
				GCC_WARN_UNUSED_VARIABLE = YES;
				IPHONEOS_DEPLOYMENT_TARGET = 12.1;
				MTL_ENABLE_DEBUG_INFO = NO;
				MTL_FAST_MATH = YES;
				SDKROOT = iphoneos;
				SWIFT_COMPILATION_MODE = wholemodule;
				SWIFT_OPTIMIZATION_LEVEL = "-O";
				VALIDATE_PRODUCT = YES;
			};
			name = Release;
		};
		F815D42221A9018D0014DDCA /* Debug */ = {
			isa = XCBuildConfiguration;
			buildSettings = {
				ASSETCATALOG_COMPILER_APPICON_NAME = AppIcon;
				CODE_SIGN_STYLE = Automatic;
				INFOPLIST_FILE = MusicPlayer/Info.plist;
				LD_RUNPATH_SEARCH_PATHS = (
					"$(inherited)",
					"@executable_path/Frameworks",
				);
				PRODUCT_BUNDLE_IDENTIFIER = com.ggg.MusicPlayer;
				PRODUCT_NAME = "$(TARGET_NAME)";
				SWIFT_VERSION = 4.2;
				TARGETED_DEVICE_FAMILY = "1,2";
			};
			name = Debug;
		};
		F815D42321A9018D0014DDCA /* Release */ = {
			isa = XCBuildConfiguration;
			buildSettings = {
				ASSETCATALOG_COMPILER_APPICON_NAME = AppIcon;
				CODE_SIGN_STYLE = Automatic;
				INFOPLIST_FILE = MusicPlayer/Info.plist;
				LD_RUNPATH_SEARCH_PATHS = (
					"$(inherited)",
					"@executable_path/Frameworks",
				);
				PRODUCT_BUNDLE_IDENTIFIER = com.ggg.MusicPlayer;
				PRODUCT_NAME = "$(TARGET_NAME)";
				SWIFT_VERSION = 4.2;
				TARGETED_DEVICE_FAMILY = "1,2";
			};
			name = Release;
		};
		F815D42521A9018D0014DDCA /* Debug */ = {
			isa = XCBuildConfiguration;
			buildSettings = {
				ALWAYS_EMBED_SWIFT_STANDARD_LIBRARIES = YES;
				BUNDLE_LOADER = "$(TEST_HOST)";
				CODE_SIGN_STYLE = Automatic;
				INFOPLIST_FILE = MusicPlayerTests/Info.plist;
				LD_RUNPATH_SEARCH_PATHS = (
					"$(inherited)",
					"@executable_path/Frameworks",
					"@loader_path/Frameworks",
				);
				PRODUCT_BUNDLE_IDENTIFIER = com.ggg.MusicPlayerTests;
				PRODUCT_NAME = "$(TARGET_NAME)";
				SWIFT_VERSION = 4.2;
				TARGETED_DEVICE_FAMILY = "1,2";
				TEST_HOST = "$(BUILT_PRODUCTS_DIR)/MusicPlayer.app/MusicPlayer";
			};
			name = Debug;
		};
		F815D42621A9018D0014DDCA /* Release */ = {
			isa = XCBuildConfiguration;
			buildSettings = {
				ALWAYS_EMBED_SWIFT_STANDARD_LIBRARIES = YES;
				BUNDLE_LOADER = "$(TEST_HOST)";
				CODE_SIGN_STYLE = Automatic;
				INFOPLIST_FILE = MusicPlayerTests/Info.plist;
				LD_RUNPATH_SEARCH_PATHS = (
					"$(inherited)",
					"@executable_path/Frameworks",
					"@loader_path/Frameworks",
				);
				PRODUCT_BUNDLE_IDENTIFIER = com.ggg.MusicPlayerTests;
				PRODUCT_NAME = "$(TARGET_NAME)";
				SWIFT_VERSION = 4.2;
				TARGETED_DEVICE_FAMILY = "1,2";
				TEST_HOST = "$(BUILT_PRODUCTS_DIR)/MusicPlayer.app/MusicPlayer";
			};
			name = Release;
		};
		F815D42821A9018D0014DDCA /* Debug */ = {
			isa = XCBuildConfiguration;
			buildSettings = {
				ALWAYS_EMBED_SWIFT_STANDARD_LIBRARIES = YES;
				CODE_SIGN_STYLE = Automatic;
				INFOPLIST_FILE = MusicPlayerUITests/Info.plist;
				LD_RUNPATH_SEARCH_PATHS = (
					"$(inherited)",
					"@executable_path/Frameworks",
					"@loader_path/Frameworks",
				);
				PRODUCT_BUNDLE_IDENTIFIER = com.ggg.MusicPlayerUITests;
				PRODUCT_NAME = "$(TARGET_NAME)";
				SWIFT_VERSION = 4.2;
				TARGETED_DEVICE_FAMILY = "1,2";
				TEST_TARGET_NAME = MusicPlayer;
			};
			name = Debug;
		};
		F815D42921A9018D0014DDCA /* Release */ = {
			isa = XCBuildConfiguration;
			buildSettings = {
				ALWAYS_EMBED_SWIFT_STANDARD_LIBRARIES = YES;
				CODE_SIGN_STYLE = Automatic;
				INFOPLIST_FILE = MusicPlayerUITests/Info.plist;
				LD_RUNPATH_SEARCH_PATHS = (
					"$(inherited)",
					"@executable_path/Frameworks",
					"@loader_path/Frameworks",
				);
				PRODUCT_BUNDLE_IDENTIFIER = com.ggg.MusicPlayerUITests;
				PRODUCT_NAME = "$(TARGET_NAME)";
				SWIFT_VERSION = 4.2;
				TARGETED_DEVICE_FAMILY = "1,2";
				TEST_TARGET_NAME = MusicPlayer;
			};
			name = Release;
		};
/* End XCBuildConfiguration section */

/* Begin XCConfigurationList section */
		F815D3F421A9018B0014DDCA /* Build configuration list for PBXProject "MusicPlayer" */ = {
			isa = XCConfigurationList;
			buildConfigurations = (
				F815D41F21A9018D0014DDCA /* Debug */,
				F815D42021A9018D0014DDCA /* Release */,
			);
			defaultConfigurationIsVisible = 0;
			defaultConfigurationName = Release;
		};
		F815D42121A9018D0014DDCA /* Build configuration list for PBXNativeTarget "MusicPlayer" */ = {
			isa = XCConfigurationList;
			buildConfigurations = (
				F815D42221A9018D0014DDCA /* Debug */,
				F815D42321A9018D0014DDCA /* Release */,
			);
			defaultConfigurationIsVisible = 0;
			defaultConfigurationName = Release;
		};
		F815D42421A9018D0014DDCA /* Build configuration list for PBXNativeTarget "MusicPlayerTests" */ = {
			isa = XCConfigurationList;
			buildConfigurations = (
				F815D42521A9018D0014DDCA /* Debug */,
				F815D42621A9018D0014DDCA /* Release */,
			);
			defaultConfigurationIsVisible = 0;
			defaultConfigurationName = Release;
		};
		F815D42721A9018D0014DDCA /* Build configuration list for PBXNativeTarget "MusicPlayerUITests" */ = {
			isa = XCConfigurationList;
			buildConfigurations = (
				F815D42821A9018D0014DDCA /* Debug */,
				F815D42921A9018D0014DDCA /* Release */,
			);
			defaultConfigurationIsVisible = 0;
			defaultConfigurationName = Release;
		};
/* End XCConfigurationList section */
	};
	rootObject = F815D3F121A9018B0014DDCA /* Project object */;
}
